{
  "name": "@sveltejs/pancake",
  "version": "0.0.17",
  "lockfileVersion": 1,
  "requires": true,
  "dependencies": {
    "d3-path": {
      "version": "2.0.0",
      "resolved": "https://registry.npmjs.org/d3-path/-/d3-path-2.0.0.tgz",
      "integrity": "sha512-ZwZQxKhBnv9yHaiWd6ZU4x5BtCQ7pXszEV9CU6kRgwIQVQGLMv1oiL4M+MK/n79sYzsj+gcgpPQSctJUsLN7fA==",
      "dev": true
    },
    "d3-shape": {
      "version": "2.0.0",
      "resolved": "https://registry.npmjs.org/d3-shape/-/d3-shape-2.0.0.tgz",
      "integrity": "sha512-djpGlA779ua+rImicYyyjnOjeubyhql1Jyn1HK0bTyawuH76UQRWXd+pftr67H6Fa8hSwetkgb/0id3agKWykw==",
      "dev": true,
      "requires": {
        "d3-path": "1 - 2"
      }
    },
    "yootils": {
      "version": "0.0.16",
      "resolved": "https://registry.npmjs.org/yootils/-/yootils-0.0.16.tgz",
      "integrity": "sha512-aIVecm5ucOzwhtKbl0zkfg0ZSOUR9c2da0k8cIc9umjjzkvVCWUUX/UHZ1CLPsv4wmJLqt0aWeLB7p9n9JDwYQ=="
    }
  }
}
